
Microsoft Visual Studio Solution File, Format Version 12.00
# Visual Studio Version 16
VisualStudioVersion = 16.0.30413.136
MinimumVisualStudioVersion = 10.0.40219.1
Project("{FAE04EC0-301F-11D3-BF4B-00C04F79EFBC}") = "Osas_Covid", "Osas_Covid\Osas_Covid.csproj", "{9A685DAD-B6A9-40A5-99C4-1E74396F3140}"
EndProject
Project("{FAE04EC0-301F-11D3-BF4B-00C04F79EFBC}") = "Core", "Core\Core.csproj", "{7BA5B421-0C91-459E-A1E4-360AD907C9D6}"
EndProject
Global
	GlobalSection(SolutionConfigurationPlatforms) = preSolution
		Debug|Any CPU = Debug|Any CPU
		Release|Any CPU = Release|Any CPU
	EndGlobalSection
	GlobalSection(ProjectConfigurationPlatforms) = postSolution
		{9A685DAD-B6A9-40A5-99C4-1E74396F3140}.Debug|Any CPU.ActiveCfg = Debug|Any CPU
		{9A685DAD-B6A9-40A5-99C4-1E74396F3140}.Debug|Any CPU.Build.0 = Debug|Any CPU
		{9A685DAD-B6A9-40A5-99C4-1E74396F3140}.Release|Any CPU.ActiveCfg = Release|Any CPU
		{9A685DAD-B6A9-40A5-99C4-1E74396F3140}.Release|Any CPU.Build.0 = Release|Any CPU
		{7BA5B421-0C91-459E-A1E4-360AD907C9D6}.Debug|Any CPU.ActiveCfg = Debug|Any CPU
		{7BA5B421-0C91-459E-A1E4-360AD907C9D6}.Debug|Any CPU.Build.0 = Debug|Any CPU
		{7BA5B421-0C91-459E-A1E4-360AD907C9D6}.Release|Any CPU.ActiveCfg = Release|Any CPU
		{7BA5B421-0C91-459E-A1E4-360AD907C9D6}.Release|Any CPU.Build.0 = Release|Any CPU
	EndGlobalSection
	GlobalSection(SolutionProperties) = preSolution
		HideSolutionNode = FALSE
	EndGlobalSection
	GlobalSection(ExtensibilityGlobals) = postSolution
		SolutionGuid = {5C7A1078-DBAC-4694-ABCC-83B967AE1FCD}
	EndGlobalSection
EndGlobal
